
Microsoft Visual Studio Solution File, Format Version 12.00
# Visual Studio Version 16
VisualStudioVersion = 16.0.32602.291
MinimumVisualStudioVersion = 10.0.40219.1
Project("{9A19103F-16F7-4668-BE54-9A1E7A4F7556}") = "TelegramClone", "TelegramClone.csproj", "{996415E7-9483-484F-B3E2-C2B1B49603D1}"
EndProject
Global
	GlobalSection(SolutionConfigurationPlatforms) = preSolution
		Debug|Any CPU = Debug|Any CPU
		Release|Any CPU = Release|Any CPU
	EndGlobalSection
	GlobalSection(ProjectConfigurationPlatforms) = postSolution
		{996415E7-9483-484F-B3E2-C2B1B49603D1}.Debug|Any CPU.ActiveCfg = Debug|Any CPU
		{996415E7-9483-484F-B3E2-C2B1B49603D1}.Debug|Any CPU.Build.0 = Debug|Any CPU
		{996415E7-9483-484F-B3E2-C2B1B49603D1}.Release|Any CPU.ActiveCfg = Release|Any CPU
		{996415E7-9483-484F-B3E2-C2B1B49603D1}.Release|Any CPU.Build.0 = Release|Any CPU
	EndGlobalSection
	GlobalSection(SolutionProperties) = preSolution
		HideSolutionNode = FALSE
	EndGlobalSection
	GlobalSection(ExtensibilityGlobals) = postSolution
		SolutionGuid = {118CE08A-45EC-4628-9DEA-74246AED18C7}
	EndGlobalSection
EndGlobal
